// !$*UTF8*$!
{
	archiveVersion = 1;
	classes = {
	};
	objectVersion = 46;
	objects = {

/* Begin PBXBuildFile section */
		04327F901BD40AE700C4FA46 /* CustomAnnotationView.m in Sources */ = {isa = PBXBuildFile; fileRef = 04327F8F1BD40AE700C4FA46 /* CustomAnnotationView.m */; settings = {ASSET_TAGS = (); }; };
		04327F931BD433DB00C4FA46 /* OverlayView.m in Sources */ = {isa = PBXBuildFile; fileRef = 04327F921BD433DB00C4FA46 /* OverlayView.m */; settings = {ASSET_TAGS = (); }; };
		043852041BD1B69600877B8E /* LocationHandler.m in Sources */ = {isa = PBXBuildFile; fileRef = 043852031BD1B69600877B8E /* LocationHandler.m */; settings = {ASSET_TAGS = (); }; };
		0466236C1BD154F400D7E259 /* MapKit.framework in Frameworks */ = {isa = PBXBuildFile; fileRef = 0466236B1BD154F400D7E259 /* MapKit.framework */; };
		046DB9511BD0767100F01BEB /* BrowseViewController.m in Sources */ = {isa = PBXBuildFile; fileRef = 046DB9501BD0767100F01BEB /* BrowseViewController.m */; settings = {ASSET_TAGS = (); }; };
		046DB9541BD0873F00F01BEB /* CustomFlowLayout.m in Sources */ = {isa = PBXBuildFile; fileRef = 046DB9531BD0873F00F01BEB /* CustomFlowLayout.m */; settings = {ASSET_TAGS = (); }; };
		047351D01BD2FBF1004174A4 /* CustomCollectionViewCell.m in Sources */ = {isa = PBXBuildFile; fileRef = 047351CF1BD2FBF1004174A4 /* CustomCollectionViewCell.m */; settings = {ASSET_TAGS = (); }; };
		04831E1B1BD0528B006522E7 /* APIHandler.m in Sources */ = {isa = PBXBuildFile; fileRef = 04831E1A1BD0528B006522E7 /* APIHandler.m */; settings = {ASSET_TAGS = (); }; };
		04831E1E1BD0548D006522E7 /* Photo.m in Sources */ = {isa = PBXBuildFile; fileRef = 04831E1D1BD0548D006522E7 /* Photo.m */; settings = {ASSET_TAGS = (); }; };
		0485D6AB1BD1D4F600890DF6 /* CustomPointAnnotation.m in Sources */ = {isa = PBXBuildFile; fileRef = 0485D6AA1BD1D4F600890DF6 /* CustomPointAnnotation.m */; settings = {ASSET_TAGS = (); }; };
		04F2384E1BD03DDC00FAD68C /* main.m in Sources */ = {isa = PBXBuildFile; fileRef = 04F2384D1BD03DDC00FAD68C /* main.m */; };
		04F238511BD03DDC00FAD68C /* AppDelegate.m in Sources */ = {isa = PBXBuildFile; fileRef = 04F238501BD03DDC00FAD68C /* AppDelegate.m */; };
		04F238571BD03DDC00FAD68C /* MapViewController.m in Sources */ = {isa = PBXBuildFile; fileRef = 04F238561BD03DDC00FAD68C /* MapViewController.m */; };
		04F2385A1BD03DDC00FAD68C /* Main.storyboard in Resources */ = {isa = PBXBuildFile; fileRef = 04F238581BD03DDC00FAD68C /* Main.storyboard */; };
		04F2385C1BD03DDC00FAD68C /* Assets.xcassets in Resources */ = {isa = PBXBuildFile; fileRef = 04F2385B1BD03DDC00FAD68C /* Assets.xcassets */; };
		04F2385F1BD03DDC00FAD68C /* LaunchScreen.storyboard in Resources */ = {isa = PBXBuildFile; fileRef = 04F2385D1BD03DDC00FAD68C /* LaunchScreen.storyboard */; };
		04F2386A1BD03DDC00FAD68C /* LocaliteTests.m in Sources */ = {isa = PBXBuildFile; fileRef = 04F238691BD03DDC00FAD68C /* LocaliteTests.m */; };
		04F238751BD03DDC00FAD68C /* LocaliteUITests.m in Sources */ = {isa = PBXBuildFile; fileRef = 04F238741BD03DDC00FAD68C /* LocaliteUITests.m */; };
		04F238841BD0439C00FAD68C /* GalleryViewController.m in Sources */ = {isa = PBXBuildFile; fileRef = 04F238831BD0439C00FAD68C /* GalleryViewController.m */; settings = {ASSET_TAGS = (); }; };
/* End PBXBuildFile section */

/* Begin PBXContainerItemProxy section */
		04F238661BD03DDC00FAD68C /* PBXContainerItemProxy */ = {
			isa = PBXContainerItemProxy;
			containerPortal = 04F238411BD03DDC00FAD68C /* Project object */;
			proxyType = 1;
			remoteGlobalIDString = 04F238481BD03DDC00FAD68C;
			remoteInfo = Localite;
		};
		04F238711BD03DDC00FAD68C /* PBXContainerItemProxy */ = {
			isa = PBXContainerItemProxy;
			containerPortal = 04F238411BD03DDC00FAD68C /* Project object */;
			proxyType = 1;
			remoteGlobalIDString = 04F238481BD03DDC00FAD68C;
			remoteInfo = Localite;
		};
/* End PBXContainerItemProxy section */

/* Begin PBXFileReference section */
		04327F8E1BD40AE700C4FA46 /* CustomAnnotationView.h */ = {isa = PBXFileReference; fileEncoding = 4; lastKnownFileType = sourcecode.c.h; path = CustomAnnotationView.h; sourceTree = "<group>"; };
		04327F8F1BD40AE700C4FA46 /* CustomAnnotationView.m */ = {isa = PBXFileReference; fileEncoding = 4; lastKnownFileType = sourcecode.c.objc; path = CustomAnnotationView.m; sourceTree = "<group>"; };
		04327F911BD433DB00C4FA46 /* OverlayView.h */ = {isa = PBXFileReference; fileEncoding = 4; lastKnownFileType = sourcecode.c.h; path = OverlayView.h; sourceTree = "<group>"; };
		04327F921BD433DB00C4FA46 /* OverlayView.m */ = {isa = PBXFileReference; fileEncoding = 4; lastKnownFileType = sourcecode.c.objc; path = OverlayView.m; sourceTree = "<group>"; };
		043852021BD1B69600877B8E /* LocationHandler.h */ = {isa = PBXFileReference; fileEncoding = 4; lastKnownFileType = sourcecode.c.h; path = LocationHandler.h; sourceTree = "<group>"; };
		043852031BD1B69600877B8E /* LocationHandler.m */ = {isa = PBXFileReference; fileEncoding = 4; lastKnownFileType = sourcecode.c.objc; path = LocationHandler.m; sourceTree = "<group>"; };
		0466236B1BD154F400D7E259 /* MapKit.framework */ = {isa = PBXFileReference; lastKnownFileType = wrapper.framework; name = MapKit.framework; path = System/Library/Frameworks/MapKit.framework; sourceTree = SDKROOT; };
		046DB94F1BD0767100F01BEB /* BrowseViewController.h */ = {isa = PBXFileReference; fileEncoding = 4; lastKnownFileType = sourcecode.c.h; name = BrowseViewController.h; path = ../BrowseViewController.h; sourceTree = "<group>"; };
		046DB9501BD0767100F01BEB /* BrowseViewController.m */ = {isa = PBXFileReference; fileEncoding = 4; lastKnownFileType = sourcecode.c.objc; name = BrowseViewController.m; path = ../BrowseViewController.m; sourceTree = "<group>"; };
		046DB9521BD0873F00F01BEB /* CustomFlowLayout.h */ = {isa = PBXFileReference; fileEncoding = 4; lastKnownFileType = sourcecode.c.h; path = CustomFlowLayout.h; sourceTree = "<group>"; };
		046DB9531BD0873F00F01BEB /* CustomFlowLayout.m */ = {isa = PBXFileReference; fileEncoding = 4; lastKnownFileType = sourcecode.c.objc; path = CustomFlowLayout.m; sourceTree = "<group>"; };
		047351CE1BD2FBF1004174A4 /* CustomCollectionViewCell.h */ = {isa = PBXFileReference; fileEncoding = 4; lastKnownFileType = sourcecode.c.h; path = CustomCollectionViewCell.h; sourceTree = "<group>"; };
		047351CF1BD2FBF1004174A4 /* CustomCollectionViewCell.m */ = {isa = PBXFileReference; fileEncoding = 4; lastKnownFileType = sourcecode.c.objc; path = CustomCollectionViewCell.m; sourceTree = "<group>"; };
		04831E191BD0528B006522E7 /* APIHandler.h */ = {isa = PBXFileReference; fileEncoding = 4; lastKnownFileType = sourcecode.c.h; path = APIHandler.h; sourceTree = "<group>"; };
		04831E1A1BD0528B006522E7 /* APIHandler.m */ = {isa = PBXFileReference; fileEncoding = 4; lastKnownFileType = sourcecode.c.objc; path = APIHandler.m; sourceTree = "<group>"; };
		04831E1C1BD0548D006522E7 /* Photo.h */ = {isa = PBXFileReference; fileEncoding = 4; lastKnownFileType = sourcecode.c.h; path = Photo.h; sourceTree = "<group>"; };
		04831E1D1BD0548D006522E7 /* Photo.m */ = {isa = PBXFileReference; fileEncoding = 4; lastKnownFileType = sourcecode.c.objc; path = Photo.m; sourceTree = "<group>"; };
		0485D6A91BD1D4F600890DF6 /* CustomPointAnnotation.h */ = {isa = PBXFileReference; fileEncoding = 4; lastKnownFileType = sourcecode.c.h; path = CustomPointAnnotation.h; sourceTree = "<group>"; };
		0485D6AA1BD1D4F600890DF6 /* CustomPointAnnotation.m */ = {isa = PBXFileReference; fileEncoding = 4; lastKnownFileType = sourcecode.c.objc; path = CustomPointAnnotation.m; sourceTree = "<group>"; };
		04F238491BD03DDC00FAD68C /* Localite.app */ = {isa = PBXFileReference; explicitFileType = wrapper.application; includeInIndex = 0; path = Localite.app; sourceTree = BUILT_PRODUCTS_DIR; };
		04F2384D1BD03DDC00FAD68C /* main.m */ = {isa = PBXFileReference; lastKnownFileType = sourcecode.c.objc; path = main.m; sourceTree = "<group>"; };
		04F2384F1BD03DDC00FAD68C /* AppDelegate.h */ = {isa = PBXFileReference; lastKnownFileType = sourcecode.c.h; path = AppDelegate.h; sourceTree = "<group>"; };
		04F238501BD03DDC00FAD68C /* AppDelegate.m */ = {isa = PBXFileReference; lastKnownFileType = sourcecode.c.objc; path = AppDelegate.m; sourceTree = "<group>"; };
		04F238551BD03DDC00FAD68C /* MapViewController.h */ = {isa = PBXFileReference; lastKnownFileType = sourcecode.c.h; path = MapViewController.h; sourceTree = "<group>"; };
		04F238561BD03DDC00FAD68C /* MapViewController.m */ = {isa = PBXFileReference; lastKnownFileType = sourcecode.c.objc; path = MapViewController.m; sourceTree = "<group>"; };
		04F238591BD03DDC00FAD68C /* Base */ = {isa = PBXFileReference; lastKnownFileType = file.storyboard; name = Base; path = Base.lproj/Main.storyboard; sourceTree = "<group>"; };
		04F2385B1BD03DDC00FAD68C /* Assets.xcassets */ = {isa = PBXFileReference; lastKnownFileType = folder.assetcatalog; path = Assets.xcassets; sourceTree = "<group>"; };
		04F2385E1BD03DDC00FAD68C /* Base */ = {isa = PBXFileReference; lastKnownFileType = file.storyboard; name = Base; path = Base.lproj/LaunchScreen.storyboard; sourceTree = "<group>"; };
		04F238601BD03DDC00FAD68C /* Info.plist */ = {isa = PBXFileReference; lastKnownFileType = text.plist.xml; path = Info.plist; sourceTree = "<group>"; };
		04F238651BD03DDC00FAD68C /* LocaliteTests.xctest */ = {isa = PBXFileReference; explicitFileType = wrapper.cfbundle; includeInIndex = 0; path = LocaliteTests.xctest; sourceTree = BUILT_PRODUCTS_DIR; };
		04F238691BD03DDC00FAD68C /* LocaliteTests.m */ = {isa = PBXFileReference; lastKnownFileType = sourcecode.c.objc; path = LocaliteTests.m; sourceTree = "<group>"; };
		04F2386B1BD03DDC00FAD68C /* Info.plist */ = {isa = PBXFileReference; lastKnownFileType = text.plist.xml; path = Info.plist; sourceTree = "<group>"; };
		04F238701BD03DDC00FAD68C /* LocaliteUITests.xctest */ = {isa = PBXFileReference; explicitFileType = wrapper.cfbundle; includeInIndex = 0; path = LocaliteUITests.xctest; sourceTree = BUILT_PRODUCTS_DIR; };
		04F238741BD03DDC00FAD68C /* LocaliteUITests.m */ = {isa = PBXFileReference; lastKnownFileType = sourcecode.c.objc; path = LocaliteUITests.m; sourceTree = "<group>"; };
		04F238761BD03DDC00FAD68C /* Info.plist */ = {isa = PBXFileReference; lastKnownFileType = text.plist.xml; path = Info.plist; sourceTree = "<group>"; };
		04F238821BD0439C00FAD68C /* GalleryViewController.h */ = {isa = PBXFileReference; fileEncoding = 4; lastKnownFileType = sourcecode.c.h; path = GalleryViewController.h; sourceTree = "<group>"; };
		04F238831BD0439C00FAD68C /* GalleryViewController.m */ = {isa = PBXFileReference; fileEncoding = 4; lastKnownFileType = sourcecode.c.objc; path = GalleryViewController.m; sourceTree = "<group>"; };
/* End PBXFileReference section */

/* Begin PBXFrameworksBuildPhase section */
		04F238461BD03DDC00FAD68C /* Frameworks */ = {
			isa = PBXFrameworksBuildPhase;
			buildActionMask = 2147483647;
			files = (
				0466236C1BD154F400D7E259 /* MapKit.framework in Frameworks */,
			);
			runOnlyForDeploymentPostprocessing = 0;
		};
		04F238621BD03DDC00FAD68C /* Frameworks */ = {
			isa = PBXFrameworksBuildPhase;
			buildActionMask = 2147483647;
			files = (
			);
			runOnlyForDeploymentPostprocessing = 0;
		};
		04F2386D1BD03DDC00FAD68C /* Frameworks */ = {
			isa = PBXFrameworksBuildPhase;
			buildActionMask = 2147483647;
			files = (
			);
			runOnlyForDeploymentPostprocessing = 0;
		};
/* End PBXFrameworksBuildPhase section */

/* Begin PBXGroup section */
		04F238401BD03DDC00FAD68C = {
			isa = PBXGroup;
			children = (
				0466236B1BD154F400D7E259 /* MapKit.framework */,
				04F2384B1BD03DDC00FAD68C /* Localite */,
				04F238681BD03DDC00FAD68C /* LocaliteTests */,
				04F238731BD03DDC00FAD68C /* LocaliteUITests */,
				04F2384A1BD03DDC00FAD68C /* Products */,
			);
			sourceTree = "<group>";
		};
		04F2384A1BD03DDC00FAD68C /* Products */ = {
			isa = PBXGroup;
			children = (
				04F238491BD03DDC00FAD68C /* Localite.app */,
				04F238651BD03DDC00FAD68C /* LocaliteTests.xctest */,
				04F238701BD03DDC00FAD68C /* LocaliteUITests.xctest */,
			);
			name = Products;
			sourceTree = "<group>";
		};
		04F2384B1BD03DDC00FAD68C /* Localite */ = {
			isa = PBXGroup;
			children = (
				047351CE1BD2FBF1004174A4 /* CustomCollectionViewCell.h */,
				047351CF1BD2FBF1004174A4 /* CustomCollectionViewCell.m */,
				046DB94F1BD0767100F01BEB /* BrowseViewController.h */,
				046DB9501BD0767100F01BEB /* BrowseViewController.m */,
				046DB9521BD0873F00F01BEB /* CustomFlowLayout.h */,
				046DB9531BD0873F00F01BEB /* CustomFlowLayout.m */,
				04F2384F1BD03DDC00FAD68C /* AppDelegate.h */,
				04F238501BD03DDC00FAD68C /* AppDelegate.m */,
				04F238551BD03DDC00FAD68C /* MapViewController.h */,
				04F238561BD03DDC00FAD68C /* MapViewController.m */,
				04327F911BD433DB00C4FA46 /* OverlayView.h */,
				04327F921BD433DB00C4FA46 /* OverlayView.m */,
				04327F8E1BD40AE700C4FA46 /* CustomAnnotationView.h */,
				04327F8F1BD40AE700C4FA46 /* CustomAnnotationView.m */,
				0485D6A91BD1D4F600890DF6 /* CustomPointAnnotation.h */,
				0485D6AA1BD1D4F600890DF6 /* CustomPointAnnotation.m */,
				04F238821BD0439C00FAD68C /* GalleryViewController.h */,
				04F238831BD0439C00FAD68C /* GalleryViewController.m */,
				04F238581BD03DDC00FAD68C /* Main.storyboard */,
				04831E191BD0528B006522E7 /* APIHandler.h */,
				04831E1A1BD0528B006522E7 /* APIHandler.m */,
				043852021BD1B69600877B8E /* LocationHandler.h */,
				043852031BD1B69600877B8E /* LocationHandler.m */,
				04831E1C1BD0548D006522E7 /* Photo.h */,
				04831E1D1BD0548D006522E7 /* Photo.m */,
				04F2385B1BD03DDC00FAD68C /* Assets.xcassets */,
				04F2385D1BD03DDC00FAD68C /* LaunchScreen.storyboard */,
				04F238601BD03DDC00FAD68C /* Info.plist */,
				04F2384C1BD03DDC00FAD68C /* Supporting Files */,
			);
			path = Localite;
			sourceTree = "<group>";
		};
		04F2384C1BD03DDC00FAD68C /* Supporting Files */ = {
			isa = PBXGroup;
			children = (
				04F2384D1BD03DDC00FAD68C /* main.m */,
			);
			name = "Supporting Files";
			sourceTree = "<group>";
		};
		04F238681BD03DDC00FAD68C /* LocaliteTests */ = {
			isa = PBXGroup;
			children = (
				04F238691BD03DDC00FAD68C /* LocaliteTests.m */,
				04F2386B1BD03DDC00FAD68C /* Info.plist */,
			);
			path = LocaliteTests;
			sourceTree = "<group>";
		};
		04F238731BD03DDC00FAD68C /* LocaliteUITests */ = {
			isa = PBXGroup;
			children = (
				04F238741BD03DDC00FAD68C /* LocaliteUITests.m */,
				04F238761BD03DDC00FAD68C /* Info.plist */,
			);
			path = LocaliteUITests;
			sourceTree = "<group>";
		};
/* End PBXGroup section */

/* Begin PBXNativeTarget section */
		04F238481BD03DDC00FAD68C /* Localite */ = {
			isa = PBXNativeTarget;
			buildConfigurationList = 04F238791BD03DDC00FAD68C /* Build configuration list for PBXNativeTarget "Localite" */;
			buildPhases = (
				04F238451BD03DDC00FAD68C /* Sources */,
				04F238461BD03DDC00FAD68C /* Frameworks */,
				04F238471BD03DDC00FAD68C /* Resources */,
			);
			buildRules = (
			);
			dependencies = (
			);
			name = Localite;
			productName = Localite;
			productReference = 04F238491BD03DDC00FAD68C /* Localite.app */;
			productType = "com.apple.product-type.application";
		};
		04F238641BD03DDC00FAD68C /* LocaliteTests */ = {
			isa = PBXNativeTarget;
			buildConfigurationList = 04F2387C1BD03DDC00FAD68C /* Build configuration list for PBXNativeTarget "LocaliteTests" */;
			buildPhases = (
				04F238611BD03DDC00FAD68C /* Sources */,
				04F238621BD03DDC00FAD68C /* Frameworks */,
				04F238631BD03DDC00FAD68C /* Resources */,
			);
			buildRules = (
			);
			dependencies = (
				04F238671BD03DDC00FAD68C /* PBXTargetDependency */,
			);
			name = LocaliteTests;
			productName = LocaliteTests;
			productReference = 04F238651BD03DDC00FAD68C /* LocaliteTests.xctest */;
			productType = "com.apple.product-type.bundle.unit-test";
		};
		04F2386F1BD03DDC00FAD68C /* LocaliteUITests */ = {
			isa = PBXNativeTarget;
			buildConfigurationList = 04F2387F1BD03DDC00FAD68C /* Build configuration list for PBXNativeTarget "LocaliteUITests" */;
			buildPhases = (
				04F2386C1BD03DDC00FAD68C /* Sources */,
				04F2386D1BD03DDC00FAD68C /* Frameworks */,
				04F2386E1BD03DDC00FAD68C /* Resources */,
			);
			buildRules = (
			);
			dependencies = (
				04F238721BD03DDC00FAD68C /* PBXTargetDependency */,
			);
			name = LocaliteUITests;
			productName = LocaliteUITests;
			productReference = 04F238701BD03DDC00FAD68C /* LocaliteUITests.xctest */;
			productType = "com.apple.product-type.bundle.ui-testing";
		};
/* End PBXNativeTarget section */

/* Begin PBXProject section */
		04F238411BD03DDC00FAD68C /* Project object */ = {
			isa = PBXProject;
			attributes = {
				LastUpgradeCheck = 0700;
				ORGANIZATIONNAME = "Mobile Makers";
				TargetAttributes = {
					04F238481BD03DDC00FAD68C = {
						CreatedOnToolsVersion = 7.0.1;
						DevelopmentTeam = YUYQ7F3X7U;
						SystemCapabilities = {
							com.apple.Maps.iOS = {
								enabled = 1;
							};
						};
					};
					04F238641BD03DDC00FAD68C = {
						CreatedOnToolsVersion = 7.0.1;
						TestTargetID = 04F238481BD03DDC00FAD68C;
					};
					04F2386F1BD03DDC00FAD68C = {
						CreatedOnToolsVersion = 7.0.1;
						TestTargetID = 04F238481BD03DDC00FAD68C;
					};
				};
			};
			buildConfigurationList = 04F238441BD03DDC00FAD68C /* Build configuration list for PBXProject "Localite" */;
			compatibilityVersion = "Xcode 3.2";
			developmentRegion = English;
			hasScannedForEncodings = 0;
			knownRegions = (
				en,
				Base,
			);
			mainGroup = 04F238401BD03DDC00FAD68C;
			productRefGroup = 04F2384A1BD03DDC00FAD68C /* Products */;
			projectDirPath = "";
			projectRoot = "";
			targets = (
				04F238481BD03DDC00FAD68C /* Localite */,
				04F238641BD03DDC00FAD68C /* LocaliteTests */,
				04F2386F1BD03DDC00FAD68C /* LocaliteUITests */,
			);
		};
/* End PBXProject section */

/* Begin PBXResourcesBuildPhase section */
		04F238471BD03DDC00FAD68C /* Resources */ = {
			isa = PBXResourcesBuildPhase;
			buildActionMask = 2147483647;
			files = (
				04F2385F1BD03DDC00FAD68C /* LaunchScreen.storyboard in Resources */,
				04F2385C1BD03DDC00FAD68C /* Assets.xcassets in Resources */,
				04F2385A1BD03DDC00FAD68C /* Main.storyboard in Resources */,
			);
			runOnlyForDeploymentPostprocessing = 0;
		};
		04F238631BD03DDC00FAD68C /* Resources */ = {
			isa = PBXResourcesBuildPhase;
			buildActionMask = 2147483647;
			files = (
			);
			runOnlyForDeploymentPostprocessing = 0;
		};
		04F2386E1BD03DDC00FAD68C /* Resources */ = {
			isa = PBXResourcesBuildPhase;
			buildActionMask = 2147483647;
			files = (
			);
			runOnlyForDeploymentPostprocessing = 0;
		};
/* End PBXResourcesBuildPhase section */

/* Begin PBXSourcesBuildPhase section */
		04F238451BD03DDC00FAD68C /* Sources */ = {
			isa = PBXSourcesBuildPhase;
			buildActionMask = 2147483647;
			files = (
				04831E1E1BD0548D006522E7 /* Photo.m in Sources */,
				04F238571BD03DDC00FAD68C /* MapViewController.m in Sources */,
				04831E1B1BD0528B006522E7 /* APIHandler.m in Sources */,
				047351D01BD2FBF1004174A4 /* CustomCollectionViewCell.m in Sources */,
				046DB9511BD0767100F01BEB /* BrowseViewController.m in Sources */,
				04F238511BD03DDC00FAD68C /* AppDelegate.m in Sources */,
				04327F931BD433DB00C4FA46 /* OverlayView.m in Sources */,
				04327F901BD40AE700C4FA46 /* CustomAnnotationView.m in Sources */,
				04F2384E1BD03DDC00FAD68C /* main.m in Sources */,
				0485D6AB1BD1D4F600890DF6 /* CustomPointAnnotation.m in Sources */,
				046DB9541BD0873F00F01BEB /* CustomFlowLayout.m in Sources */,
				043852041BD1B69600877B8E /* LocationHandler.m in Sources */,
				04F238841BD0439C00FAD68C /* GalleryViewController.m in Sources */,
			);
			runOnlyForDeploymentPostprocessing = 0;
		};
		04F238611BD03DDC00FAD68C /* Sources */ = {
			isa = PBXSourcesBuildPhase;
			buildActionMask = 2147483647;
			files = (
				04F2386A1BD03DDC00FAD68C /* LocaliteTests.m in Sources */,
			);
			runOnlyForDeploymentPostprocessing = 0;
		};
		04F2386C1BD03DDC00FAD68C /* Sources */ = {
			isa = PBXSourcesBuildPhase;
			buildActionMask = 2147483647;
			files = (
				04F238751BD03DDC00FAD68C /* LocaliteUITests.m in Sources */,
			);
			runOnlyForDeploymentPostprocessing = 0;
		};
/* End PBXSourcesBuildPhase section */

/* Begin PBXTargetDependency section */
		04F238671BD03DDC00FAD68C /* PBXTargetDependency */ = {
			isa = PBXTargetDependency;
			target = 04F238481BD03DDC00FAD68C /* Localite */;
			targetProxy = 04F238661BD03DDC00FAD68C /* PBXContainerItemProxy */;
		};
		04F238721BD03DDC00FAD68C /* PBXTargetDependency */ = {
			isa = PBXTargetDependency;
			target = 04F238481BD03DDC00FAD68C /* Localite */;
			targetProxy = 04F238711BD03DDC00FAD68C /* PBXContainerItemProxy */;
		};
/* End PBXTargetDependency section */

/* Begin PBXVariantGroup section */
		04F238581BD03DDC00FAD68C /* Main.storyboard */ = {
			isa = PBXVariantGroup;
			children = (
				04F238591BD03DDC00FAD68C /* Base */,
			);
			name = Main.storyboard;
			sourceTree = "<group>";
		};
		04F2385D1BD03DDC00FAD68C /* LaunchScreen.storyboard */ = {
			isa = PBXVariantGroup;
			children = (
				04F2385E1BD03DDC00FAD68C /* Base */,
			);
			name = LaunchScreen.storyboard;
			sourceTree = "<group>";
		};
/* End PBXVariantGroup section */

/* Begin XCBuildConfiguration section */
		04F238771BD03DDC00FAD68C /* Debug */ = {
			isa = XCBuildConfiguration;
			buildSettings = {
				ALWAYS_SEARCH_USER_PATHS = NO;
				CLANG_CXX_LANGUAGE_STANDARD = "gnu++0x";
				CLANG_CXX_LIBRARY = "libc++";
				CLANG_ENABLE_MODULES = YES;
				CLANG_ENABLE_OBJC_ARC = YES;
				CLANG_WARN_BOOL_CONVERSION = YES;
				CLANG_WARN_CONSTANT_CONVERSION = YES;
				CLANG_WARN_DIRECT_OBJC_ISA_USAGE = YES_ERROR;
				CLANG_WARN_EMPTY_BODY = YES;
				CLANG_WARN_ENUM_CONVERSION = YES;
				CLANG_WARN_INT_CONVERSION = YES;
				CLANG_WARN_OBJC_ROOT_CLASS = YES_ERROR;
				CLANG_WARN_UNREACHABLE_CODE = YES;
				CLANG_WARN__DUPLICATE_METHOD_MATCH = YES;
				"CODE_SIGN_IDENTITY[sdk=iphoneos*]" = "iPhone Developer";
				COPY_PHASE_STRIP = NO;
				DEBUG_INFORMATION_FORMAT = dwarf;
				ENABLE_STRICT_OBJC_MSGSEND = YES;
				ENABLE_TESTABILITY = YES;
				GCC_C_LANGUAGE_STANDARD = gnu99;
				GCC_DYNAMIC_NO_PIC = NO;
				GCC_NO_COMMON_BLOCKS = YES;
				GCC_OPTIMIZATION_LEVEL = 0;
				GCC_PREPROCESSOR_DEFINITIONS = (
					"DEBUG=1",
					"$(inherited)",
				);
				GCC_WARN_64_TO_32_BIT_CONVERSION = YES;
				GCC_WARN_ABOUT_RETURN_TYPE = YES_ERROR;
				GCC_WARN_UNDECLARED_SELECTOR = YES;
				GCC_WARN_UNINITIALIZED_AUTOS = YES_AGGRESSIVE;
				GCC_WARN_UNUSED_FUNCTION = YES;
				GCC_WARN_UNUSED_VARIABLE = YES;
				IPHONEOS_DEPLOYMENT_TARGET = 9.0;
				MTL_ENABLE_DEBUG_INFO = YES;
				ONLY_ACTIVE_ARCH = YES;
				SDKROOT = iphoneos;
			};
			name = Debug;
		};
		04F238781BD03DDC00FAD68C /* Release */ = {
			isa = XCBuildConfiguration;
			buildSettings = {
				ALWAYS_SEARCH_USER_PATHS = NO;
				CLANG_CXX_LANGUAGE_STANDARD = "gnu++0x";
				CLANG_CXX_LIBRARY = "libc++";
				CLANG_ENABLE_MODULES = YES;
				CLANG_ENABLE_OBJC_ARC = YES;
				CLANG_WARN_BOOL_CONVERSION = YES;
				CLANG_WARN_CONSTANT_CONVERSION = YES;
				CLANG_WARN_DIRECT_OBJC_ISA_USAGE = YES_ERROR;
				CLANG_WARN_EMPTY_BODY = YES;
				CLANG_WARN_ENUM_CONVERSION = YES;
				CLANG_WARN_INT_CONVERSION = YES;
				CLANG_WARN_OBJC_ROOT_CLASS = YES_ERROR;
				CLANG_WARN_UNREACHABLE_CODE = YES;
				CLANG_WARN__DUPLICATE_METHOD_MATCH = YES;
				"CODE_SIGN_IDENTITY[sdk=iphoneos*]" = "iPhone Developer";
				COPY_PHASE_STRIP = NO;
				DEBUG_INFORMATION_FORMAT = "dwarf-with-dsym";
				ENABLE_NS_ASSERTIONS = NO;
				ENABLE_STRICT_OBJC_MSGSEND = YES;
				GCC_C_LANGUAGE_STANDARD = gnu99;
				GCC_NO_COMMON_BLOCKS = YES;
				GCC_WARN_64_TO_32_BIT_CONVERSION = YES;
				GCC_WARN_ABOUT_RETURN_TYPE = YES_ERROR;
				GCC_WARN_UNDECLARED_SELECTOR = YES;
				GCC_WARN_UNINITIALIZED_AUTOS = YES_AGGRESSIVE;
				GCC_WARN_UNUSED_FUNCTION = YES;
				GCC_WARN_UNUSED_VARIABLE = YES;
				IPHONEOS_DEPLOYMENT_TARGET = 9.0;
				MTL_ENABLE_DEBUG_INFO = NO;
				SDKROOT = iphoneos;
				VALIDATE_PRODUCT = YES;
			};
			name = Release;
		};
		04F2387A1BD03DDC00FAD68C /* Debug */ = {
			isa = XCBuildConfiguration;
			buildSettings = {
				ASSETCATALOG_COMPILER_APPICON_NAME = AppIcon;
				CODE_SIGN_IDENTITY = "iPhone Developer";
				"CODE_SIGN_IDENTITY[sdk=iphoneos*]" = "iPhone Developer";
				INFOPLIST_FILE = Localite/Info.plist;
				LD_RUNPATH_SEARCH_PATHS = "$(inherited) @executable_path/Frameworks";
				PRODUCT_BUNDLE_IDENTIFIER = mobilemakers.Localite;
				PRODUCT_NAME = "$(TARGET_NAME)";
				PROVISIONING_PROFILE = "";
				TARGETED_DEVICE_FAMILY = "1,2";
			};
			name = Debug;
		};
		04F2387B1BD03DDC00FAD68C /* Release */ = {
			isa = XCBuildConfiguration;
			buildSettings = {
				ASSETCATALOG_COMPILER_APPICON_NAME = AppIcon;
				CODE_SIGN_IDENTITY = "iPhone Developer";
				"CODE_SIGN_IDENTITY[sdk=iphoneos*]" = "iPhone Developer";
				INFOPLIST_FILE = Localite/Info.plist;
				LD_RUNPATH_SEARCH_PATHS = "$(inherited) @executable_path/Frameworks";
				PRODUCT_BUNDLE_IDENTIFIER = mobilemakers.Localite;
				PRODUCT_NAME = "$(TARGET_NAME)";
				PROVISIONING_PROFILE = "";
				TARGETED_DEVICE_FAMILY = "1,2";
			};
			name = Release;
		};
		04F2387D1BD03DDC00FAD68C /* Debug */ = {
			isa = XCBuildConfiguration;
			buildSettings = {
				BUNDLE_LOADER = "$(TEST_HOST)";
				INFOPLIST_FILE = LocaliteTests/Info.plist;
				LD_RUNPATH_SEARCH_PATHS = "$(inherited) @executable_path/Frameworks @loader_path/Frameworks";
				PRODUCT_BUNDLE_IDENTIFIER = mobilemakers.LocaliteTests;
				PRODUCT_NAME = "$(TARGET_NAME)";
				TEST_HOST = "$(BUILT_PRODUCTS_DIR)/Localite.app/Localite";
			};
			name = Debug;
		};
		04F2387E1BD03DDC00FAD68C /* Release */ = {
			isa = XCBuildConfiguration;
			buildSettings = {
				BUNDLE_LOADER = "$(TEST_HOST)";
				INFOPLIST_FILE = LocaliteTests/Info.plist;
				LD_RUNPATH_SEARCH_PATHS = "$(inherited) @executable_path/Frameworks @loader_path/Frameworks";
				PRODUCT_BUNDLE_IDENTIFIER = mobilemakers.LocaliteTests;
				PRODUCT_NAME = "$(TARGET_NAME)";
				TEST_HOST = "$(BUILT_PRODUCTS_DIR)/Localite.app/Localite";
			};
			name = Release;
		};
		04F238801BD03DDC00FAD68C /* Debug */ = {
			isa = XCBuildConfiguration;
			buildSettings = {
				INFOPLIST_FILE = LocaliteUITests/Info.plist;
				LD_RUNPATH_SEARCH_PATHS = "$(inherited) @executable_path/Frameworks @loader_path/Frameworks";
				PRODUCT_BUNDLE_IDENTIFIER = mobilemakers.LocaliteUITests;
				PRODUCT_NAME = "$(TARGET_NAME)";
				TEST_TARGET_NAME = Localite;
				USES_XCTRUNNER = YES;
			};
			name = Debug;
		};
		04F238811BD03DDC00FAD68C /* Release */ = {
			isa = XCBuildConfiguration;
			buildSettings = {
				INFOPLIST_FILE = LocaliteUITests/Info.plist;
				LD_RUNPATH_SEARCH_PATHS = "$(inherited) @executable_path/Frameworks @loader_path/Frameworks";
				PRODUCT_BUNDLE_IDENTIFIER = mobilemakers.LocaliteUITests;
				PRODUCT_NAME = "$(TARGET_NAME)";
				TEST_TARGET_NAME = Localite;
				USES_XCTRUNNER = YES;
			};
			name = Release;
		};
/* End XCBuildConfiguration section */

/* Begin XCConfigurationList section */
		04F238441BD03DDC00FAD68C /* Build configuration list for PBXProject "Localite" */ = {
			isa = XCConfigurationList;
			buildConfigurations = (
				04F238771BD03DDC00FAD68C /* Debug */,
				04F238781BD03DDC00FAD68C /* Release */,
			);
			defaultConfigurationIsVisible = 0;
			defaultConfigurationName = Release;
		};
		04F238791BD03DDC00FAD68C /* Build configuration list for PBXNativeTarget "Localite" */ = {
			isa = XCConfigurationList;
			buildConfigurations = (
				04F2387A1BD03DDC00FAD68C /* Debug */,
				04F2387B1BD03DDC00FAD68C /* Release */,
			);
			defaultConfigurationIsVisible = 0;
			defaultConfigurationName = Release;
		};
		04F2387C1BD03DDC00FAD68C /* Build configuration list for PBXNativeTarget "LocaliteTests" */ = {
			isa = XCConfigurationList;
			buildConfigurations = (
				04F2387D1BD03DDC00FAD68C /* Debug */,
				04F2387E1BD03DDC00FAD68C /* Release */,
			);
			defaultConfigurationIsVisible = 0;
			defaultConfigurationName = Release;
		};
		04F2387F1BD03DDC00FAD68C /* Build configuration list for PBXNativeTarget "LocaliteUITests" */ = {
			isa = XCConfigurationList;
			buildConfigurations = (
				04F238801BD03DDC00FAD68C /* Debug */,
				04F238811BD03DDC00FAD68C /* Release */,
			);
			defaultConfigurationIsVisible = 0;
			defaultConfigurationName = Release;
		};
/* End XCConfigurationList section */
	};
	rootObject = 04F238411BD03DDC00FAD68C /* Project object */;
}
